// !$*UTF8*$!
{
	archiveVersion = 1;
	classes = {
	};
	objectVersion = 46;
	objects = {

/* Begin PBXBuildFile section */
		D6039C091B57609E0055A6EB /* DJKFlipper.swift in Headers */ = {isa = PBXBuildFile; fileRef = D6A5774A1B5750CF00FD275A /* DJKFlipper.swift */; };
		D6039C0A1B5760C80055A6EB /* DJKAnimationLayer.swift in Headers */ = {isa = PBXBuildFile; fileRef = D6A5774B1B5750CF00FD275A /* DJKAnimationLayer.swift */; };
		D6039C0B1B5760C80055A6EB /* DJKStaticView.swift in Headers */ = {isa = PBXBuildFile; fileRef = D6A5774C1B5750CF00FD275A /* DJKStaticView.swift */; };
		D6039C0C1B5760C80055A6EB /* DJKScreenShotExtension.swift in Headers */ = {isa = PBXBuildFile; fileRef = D6A5774D1B5750CF00FD275A /* DJKScreenShotExtension.swift */; };
		D6039C0D1B5760C80055A6EB /* DJKArrayHelper.swift in Headers */ = {isa = PBXBuildFile; fileRef = D6A5774E1B5750CF00FD275A /* DJKArrayHelper.swift */; };
		D6039C0E1B5760C80055A6EB /* DJKFlipperConstants.swift in Headers */ = {isa = PBXBuildFile; fileRef = D6A5774F1B5750CF00FD275A /* DJKFlipperConstants.swift */; };
		D6A5772B1B57505200FD275A /* DJKFlipper.h in Headers */ = {isa = PBXBuildFile; fileRef = D6A5772A1B57505200FD275A /* DJKFlipper.h */; settings = {ATTRIBUTES = (Public, ); }; };
		D6A577311B57505200FD275A /* DJKFlipper.framework in Frameworks */ = {isa = PBXBuildFile; fileRef = D6A577251B57505200FD275A /* DJKFlipper.framework */; };
		D6A577381B57505200FD275A /* DJKFlipperTests.swift in Sources */ = {isa = PBXBuildFile; fileRef = D6A577371B57505200FD275A /* DJKFlipperTests.swift */; };
		D6A577501B5750CF00FD275A /* DJKFlipper.swift in Sources */ = {isa = PBXBuildFile; fileRef = D6A5774A1B5750CF00FD275A /* DJKFlipper.swift */; };
		D6A577511B5750CF00FD275A /* DJKAnimationLayer.swift in Sources */ = {isa = PBXBuildFile; fileRef = D6A5774B1B5750CF00FD275A /* DJKAnimationLayer.swift */; };
		D6A577521B5750CF00FD275A /* DJKStaticView.swift in Sources */ = {isa = PBXBuildFile; fileRef = D6A5774C1B5750CF00FD275A /* DJKStaticView.swift */; };
		D6A577531B5750CF00FD275A /* DJKScreenShotExtension.swift in Sources */ = {isa = PBXBuildFile; fileRef = D6A5774D1B5750CF00FD275A /* DJKScreenShotExtension.swift */; };
		D6A577541B5750CF00FD275A /* DJKArrayHelper.swift in Sources */ = {isa = PBXBuildFile; fileRef = D6A5774E1B5750CF00FD275A /* DJKArrayHelper.swift */; };
		D6A577551B5750CF00FD275A /* DJKFlipperConstants.swift in Sources */ = {isa = PBXBuildFile; fileRef = D6A5774F1B5750CF00FD275A /* DJKFlipperConstants.swift */; };
/* End PBXBuildFile section */

/* Begin PBXContainerItemProxy section */
		D6A577321B57505200FD275A /* PBXContainerItemProxy */ = {
			isa = PBXContainerItemProxy;
			containerPortal = D6A5771C1B57505200FD275A /* Project object */;
			proxyType = 1;
			remoteGlobalIDString = D6A577241B57505200FD275A;
			remoteInfo = DJKFlipper;
		};
/* End PBXContainerItemProxy section */

/* Begin PBXFileReference section */
		D6A577251B57505200FD275A /* DJKFlipper.framework */ = {isa = PBXFileReference; explicitFileType = wrapper.framework; includeInIndex = 0; path = DJKFlipper.framework; sourceTree = BUILT_PRODUCTS_DIR; };
		D6A577291B57505200FD275A /* Info.plist */ = {isa = PBXFileReference; lastKnownFileType = text.plist.xml; path = Info.plist; sourceTree = "<group>"; };
		D6A5772A1B57505200FD275A /* DJKFlipper.h */ = {isa = PBXFileReference; lastKnownFileType = sourcecode.c.h; path = DJKFlipper.h; sourceTree = "<group>"; };
		D6A577301B57505200FD275A /* DJKFlipperTests.xctest */ = {isa = PBXFileReference; explicitFileType = wrapper.cfbundle; includeInIndex = 0; path = DJKFlipperTests.xctest; sourceTree = BUILT_PRODUCTS_DIR; };
		D6A577361B57505200FD275A /* Info.plist */ = {isa = PBXFileReference; lastKnownFileType = text.plist.xml; path = Info.plist; sourceTree = "<group>"; };
		D6A577371B57505200FD275A /* DJKFlipperTests.swift */ = {isa = PBXFileReference; lastKnownFileType = sourcecode.swift; path = DJKFlipperTests.swift; sourceTree = "<group>"; };
		D6A5774A1B5750CF00FD275A /* DJKFlipper.swift */ = {isa = PBXFileReference; fileEncoding = 4; lastKnownFileType = sourcecode.swift; path = DJKFlipper.swift; sourceTree = "<group>"; };
		D6A5774B1B5750CF00FD275A /* DJKAnimationLayer.swift */ = {isa = PBXFileReference; fileEncoding = 4; lastKnownFileType = sourcecode.swift; path = DJKAnimationLayer.swift; sourceTree = "<group>"; };
		D6A5774C1B5750CF00FD275A /* DJKStaticView.swift */ = {isa = PBXFileReference; fileEncoding = 4; lastKnownFileType = sourcecode.swift; path = DJKStaticView.swift; sourceTree = "<group>"; };
		D6A5774D1B5750CF00FD275A /* DJKScreenShotExtension.swift */ = {isa = PBXFileReference; fileEncoding = 4; lastKnownFileType = sourcecode.swift; path = DJKScreenShotExtension.swift; sourceTree = "<group>"; };
		D6A5774E1B5750CF00FD275A /* DJKArrayHelper.swift */ = {isa = PBXFileReference; fileEncoding = 4; lastKnownFileType = sourcecode.swift; path = DJKArrayHelper.swift; sourceTree = "<group>"; };
		D6A5774F1B5750CF00FD275A /* DJKFlipperConstants.swift */ = {isa = PBXFileReference; fileEncoding = 4; lastKnownFileType = sourcecode.swift; path = DJKFlipperConstants.swift; sourceTree = "<group>"; };
/* End PBXFileReference section */

/* Begin PBXFrameworksBuildPhase section */
		D6A577211B57505200FD275A /* Frameworks */ = {
			isa = PBXFrameworksBuildPhase;
			buildActionMask = 2147483647;
			files = (
			);
			runOnlyForDeploymentPostprocessing = 0;
		};
		D6A5772D1B57505200FD275A /* Frameworks */ = {
			isa = PBXFrameworksBuildPhase;
			buildActionMask = 2147483647;
			files = (
				D6A577311B57505200FD275A /* DJKFlipper.framework in Frameworks */,
			);
			runOnlyForDeploymentPostprocessing = 0;
		};
/* End PBXFrameworksBuildPhase section */

/* Begin PBXGroup section */
		D6A5771B1B57505200FD275A = {
			isa = PBXGroup;
			children = (
				D6A577271B57505200FD275A /* DJKFlipper */,
				D6A577341B57505200FD275A /* DJKFlipperTests */,
				D6A577261B57505200FD275A /* Products */,
			);
			sourceTree = "<group>";
		};
		D6A577261B57505200FD275A /* Products */ = {
			isa = PBXGroup;
			children = (
				D6A577251B57505200FD275A /* DJKFlipper.framework */,
				D6A577301B57505200FD275A /* DJKFlipperTests.xctest */,
			);
			name = Products;
			sourceTree = "<group>";
		};
		D6A577271B57505200FD275A /* DJKFlipper */ = {
			isa = PBXGroup;
			children = (
				D6A5772A1B57505200FD275A /* DJKFlipper.h */,
				D6A5774A1B5750CF00FD275A /* DJKFlipper.swift */,
				D6A5774B1B5750CF00FD275A /* DJKAnimationLayer.swift */,
				D6A5774C1B5750CF00FD275A /* DJKStaticView.swift */,
				D6A5774D1B5750CF00FD275A /* DJKScreenShotExtension.swift */,
				D6A5774E1B5750CF00FD275A /* DJKArrayHelper.swift */,
				D6A5774F1B5750CF00FD275A /* DJKFlipperConstants.swift */,
				D6A577281B57505200FD275A /* Supporting Files */,
			);
			path = DJKFlipper;
			sourceTree = "<group>";
		};
		D6A577281B57505200FD275A /* Supporting Files */ = {
			isa = PBXGroup;
			children = (
				D6A577291B57505200FD275A /* Info.plist */,
			);
			name = "Supporting Files";
			sourceTree = "<group>";
		};
		D6A577341B57505200FD275A /* DJKFlipperTests */ = {
			isa = PBXGroup;
			children = (
				D6A577371B57505200FD275A /* DJKFlipperTests.swift */,
				D6A577351B57505200FD275A /* Supporting Files */,
			);
			path = DJKFlipperTests;
			sourceTree = "<group>";
		};
		D6A577351B57505200FD275A /* Supporting Files */ = {
			isa = PBXGroup;
			children = (
				D6A577361B57505200FD275A /* Info.plist */,
			);
			name = "Supporting Files";
			sourceTree = "<group>";
		};
/* End PBXGroup section */

/* Begin PBXHeadersBuildPhase section */
		D6A577221B57505200FD275A /* Headers */ = {
			isa = PBXHeadersBuildPhase;
			buildActionMask = 2147483647;
			files = (
				D6A5772B1B57505200FD275A /* DJKFlipper.h in Headers */,
				D6039C0A1B5760C80055A6EB /* DJKAnimationLayer.swift in Headers */,
				D6039C0B1B5760C80055A6EB /* DJKStaticView.swift in Headers */,
				D6039C0C1B5760C80055A6EB /* DJKScreenShotExtension.swift in Headers */,
				D6039C0D1B5760C80055A6EB /* DJKArrayHelper.swift in Headers */,
				D6039C0E1B5760C80055A6EB /* DJKFlipperConstants.swift in Headers */,
				D6039C091B57609E0055A6EB /* DJKFlipper.swift in Headers */,
			);
			runOnlyForDeploymentPostprocessing = 0;
		};
/* End PBXHeadersBuildPhase section */

/* Begin PBXNativeTarget section */
		D6A577241B57505200FD275A /* DJKFlipper */ = {
			isa = PBXNativeTarget;
			buildConfigurationList = D6A5773B1B57505200FD275A /* Build configuration list for PBXNativeTarget "DJKFlipper" */;
			buildPhases = (
				D6A577201B57505200FD275A /* Sources */,
				D6A577211B57505200FD275A /* Frameworks */,
				D6A577221B57505200FD275A /* Headers */,
				D6A577231B57505200FD275A /* Resources */,
			);
			buildRules = (
			);
			dependencies = (
			);
			name = DJKFlipper;
			productName = DJKFlipper;
			productReference = D6A577251B57505200FD275A /* DJKFlipper.framework */;
			productType = "com.apple.product-type.framework";
		};
		D6A5772F1B57505200FD275A /* DJKFlipperTests */ = {
			isa = PBXNativeTarget;
			buildConfigurationList = D6A5773E1B57505200FD275A /* Build configuration list for PBXNativeTarget "DJKFlipperTests" */;
			buildPhases = (
				D6A5772C1B57505200FD275A /* Sources */,
				D6A5772D1B57505200FD275A /* Frameworks */,
				D6A5772E1B57505200FD275A /* Resources */,
			);
			buildRules = (
			);
			dependencies = (
				D6A577331B57505200FD275A /* PBXTargetDependency */,
			);
			name = DJKFlipperTests;
			productName = DJKFlipperTests;
			productReference = D6A577301B57505200FD275A /* DJKFlipperTests.xctest */;
			productType = "com.apple.product-type.bundle.unit-test";
		};
/* End PBXNativeTarget section */

/* Begin PBXProject section */
		D6A5771C1B57505200FD275A /* Project object */ = {
			isa = PBXProject;
			attributes = {
				LastUpgradeCheck = 0640;
				ORGANIZATIONNAME = "Koza, Daniel";
				TargetAttributes = {
					D6A577241B57505200FD275A = {
						CreatedOnToolsVersion = 6.4;
					};
					D6A5772F1B57505200FD275A = {
						CreatedOnToolsVersion = 6.4;
					};
				};
			};
			buildConfigurationList = D6A5771F1B57505200FD275A /* Build configuration list for PBXProject "DJKFlipper" */;
			compatibilityVersion = "Xcode 3.2";
			developmentRegion = English;
			hasScannedForEncodings = 0;
			knownRegions = (
				en,
			);
			mainGroup = D6A5771B1B57505200FD275A;
			productRefGroup = D6A577261B57505200FD275A /* Products */;
			projectDirPath = "";
			projectRoot = "";
			targets = (
				D6A577241B57505200FD275A /* DJKFlipper */,
				D6A5772F1B57505200FD275A /* DJKFlipperTests */,
			);
		};
/* End PBXProject section */

/* Begin PBXResourcesBuildPhase section */
		D6A577231B57505200FD275A /* Resources */ = {
			isa = PBXResourcesBuildPhase;
			buildActionMask = 2147483647;
			files = (
			);
			runOnlyForDeploymentPostprocessing = 0;
		};
		D6A5772E1B57505200FD275A /* Resources */ = {
			isa = PBXResourcesBuildPhase;
			buildActionMask = 2147483647;
			files = (
			);
			runOnlyForDeploymentPostprocessing = 0;
		};
/* End PBXResourcesBuildPhase section */

/* Begin PBXSourcesBuildPhase section */
		D6A577201B57505200FD275A /* Sources */ = {
			isa = PBXSourcesBuildPhase;
			buildActionMask = 2147483647;
			files = (
				D6A577551B5750CF00FD275A /* DJKFlipperConstants.swift in Sources */,
				D6A577521B5750CF00FD275A /* DJKStaticView.swift in Sources */,
				D6A577511B5750CF00FD275A /* DJKAnimationLayer.swift in Sources */,
				D6A577501B5750CF00FD275A /* DJKFlipper.swift in Sources */,
				D6A577531B5750CF00FD275A /* DJKScreenShotExtension.swift in Sources */,
				D6A577541B5750CF00FD275A /* DJKArrayHelper.swift in Sources */,
			);
			runOnlyForDeploymentPostprocessing = 0;
		};
		D6A5772C1B57505200FD275A /* Sources */ = {
			isa = PBXSourcesBuildPhase;
			buildActionMask = 2147483647;
			files = (
				D6A577381B57505200FD275A /* DJKFlipperTests.swift in Sources */,
			);
			runOnlyForDeploymentPostprocessing = 0;
		};
/* End PBXSourcesBuildPhase section */

/* Begin PBXTargetDependency section */
		D6A577331B57505200FD275A /* PBXTargetDependency */ = {
			isa = PBXTargetDependency;
			target = D6A577241B57505200FD275A /* DJKFlipper */;
			targetProxy = D6A577321B57505200FD275A /* PBXContainerItemProxy */;
		};
/* End PBXTargetDependency section */

/* Begin XCBuildConfiguration section */
		D6A577391B57505200FD275A /* Debug */ = {
			isa = XCBuildConfiguration;
			buildSettings = {
				ALWAYS_SEARCH_USER_PATHS = NO;
				CLANG_CXX_LANGUAGE_STANDARD = "gnu++0x";
				CLANG_CXX_LIBRARY = "libc++";
				CLANG_ENABLE_MODULES = YES;
				CLANG_ENABLE_OBJC_ARC = YES;
				CLANG_WARN_BOOL_CONVERSION = YES;
				CLANG_WARN_CONSTANT_CONVERSION = YES;
				CLANG_WARN_DIRECT_OBJC_ISA_USAGE = YES_ERROR;
				CLANG_WARN_EMPTY_BODY = YES;
				CLANG_WARN_ENUM_CONVERSION = YES;
				CLANG_WARN_INT_CONVERSION = YES;
				CLANG_WARN_OBJC_ROOT_CLASS = YES_ERROR;
				CLANG_WARN_UNREACHABLE_CODE = YES;
				CLANG_WARN__DUPLICATE_METHOD_MATCH = YES;
				"CODE_SIGN_IDENTITY[sdk=iphoneos*]" = "iPhone Developer";
				COPY_PHASE_STRIP = NO;
				CURRENT_PROJECT_VERSION = 1;
				DEBUG_INFORMATION_FORMAT = "dwarf-with-dsym";
				ENABLE_STRICT_OBJC_MSGSEND = YES;
				GCC_C_LANGUAGE_STANDARD = gnu99;
				GCC_DYNAMIC_NO_PIC = NO;
				GCC_NO_COMMON_BLOCKS = YES;
				GCC_OPTIMIZATION_LEVEL = 0;
				GCC_PREPROCESSOR_DEFINITIONS = (
					"DEBUG=1",
					"$(inherited)",
				);
				GCC_SYMBOLS_PRIVATE_EXTERN = NO;
				GCC_WARN_64_TO_32_BIT_CONVERSION = YES;
				GCC_WARN_ABOUT_RETURN_TYPE = YES_ERROR;
				GCC_WARN_UNDECLARED_SELECTOR = YES;
				GCC_WARN_UNINITIALIZED_AUTOS = YES_AGGRESSIVE;
				GCC_WARN_UNUSED_FUNCTION = YES;
				GCC_WARN_UNUSED_VARIABLE = YES;
				IPHONEOS_DEPLOYMENT_TARGET = 8.4;
				MTL_ENABLE_DEBUG_INFO = YES;
				ONLY_ACTIVE_ARCH = YES;
				SDKROOT = iphoneos;
				SWIFT_OPTIMIZATION_LEVEL = "-Onone";
				TARGETED_DEVICE_FAMILY = "1,2";
				VERSIONING_SYSTEM = "apple-generic";
				VERSION_INFO_PREFIX = "";
			};
			name = Debug;
		};
		D6A5773A1B57505200FD275A /* Release */ = {
			isa = XCBuildConfiguration;
			buildSettings = {
				ALWAYS_SEARCH_USER_PATHS = NO;
				CLANG_CXX_LANGUAGE_STANDARD = "gnu++0x";
				CLANG_CXX_LIBRARY = "libc++";
				CLANG_ENABLE_MODULES = YES;
				CLANG_ENABLE_OBJC_ARC = YES;
				CLANG_WARN_BOOL_CONVERSION = YES;
				CLANG_WARN_CONSTANT_CONVERSION = YES;
				CLANG_WARN_DIRECT_OBJC_ISA_USAGE = YES_ERROR;
				CLANG_WARN_EMPTY_BODY = YES;
				CLANG_WARN_ENUM_CONVERSION = YES;
				CLANG_WARN_INT_CONVERSION = YES;
				CLANG_WARN_OBJC_ROOT_CLASS = YES_ERROR;
				CLANG_WARN_UNREACHABLE_CODE = YES;
				CLANG_WARN__DUPLICATE_METHOD_MATCH = YES;
				"CODE_SIGN_IDENTITY[sdk=iphoneos*]" = "iPhone Developer";
				COPY_PHASE_STRIP = NO;
				CURRENT_PROJECT_VERSION = 1;
				DEBUG_INFORMATION_FORMAT = "dwarf-with-dsym";
				ENABLE_NS_ASSERTIONS = NO;
				ENABLE_STRICT_OBJC_MSGSEND = YES;
				GCC_C_LANGUAGE_STANDARD = gnu99;
				GCC_NO_COMMON_BLOCKS = YES;
				GCC_WARN_64_TO_32_BIT_CONVERSION = YES;
				GCC_WARN_ABOUT_RETURN_TYPE = YES_ERROR;
				GCC_WARN_UNDECLARED_SELECTOR = YES;
				GCC_WARN_UNINITIALIZED_AUTOS = YES_AGGRESSIVE;
				GCC_WARN_UNUSED_FUNCTION = YES;
				GCC_WARN_UNUSED_VARIABLE = YES;
				IPHONEOS_DEPLOYMENT_TARGET = 8.4;
				MTL_ENABLE_DEBUG_INFO = NO;
				SDKROOT = iphoneos;
				TARGETED_DEVICE_FAMILY = "1,2";
				VALIDATE_PRODUCT = YES;
				VERSIONING_SYSTEM = "apple-generic";
				VERSION_INFO_PREFIX = "";
			};
			name = Release;
		};
		D6A5773C1B57505200FD275A /* Debug */ = {
			isa = XCBuildConfiguration;
			buildSettings = {
				CLANG_ENABLE_MODULES = YES;
				DEFINES_MODULE = YES;
				DYLIB_COMPATIBILITY_VERSION = 1;
				DYLIB_CURRENT_VERSION = 1;
				DYLIB_INSTALL_NAME_BASE = "@rpath";
				INFOPLIST_FILE = DJKFlipper/Info.plist;
				INSTALL_PATH = "$(LOCAL_LIBRARY_DIR)/Frameworks";
				IPHONEOS_DEPLOYMENT_TARGET = 8.0;
				LD_RUNPATH_SEARCH_PATHS = "$(inherited) @executable_path/Frameworks @loader_path/Frameworks";
				PRODUCT_NAME = "$(TARGET_NAME)";
				SKIP_INSTALL = YES;
				SWIFT_OPTIMIZATION_LEVEL = "-Onone";
			};
			name = Debug;
		};
		D6A5773D1B57505200FD275A /* Release */ = {
			isa = XCBuildConfiguration;
			buildSettings = {
				CLANG_ENABLE_MODULES = YES;
				DEFINES_MODULE = YES;
				DYLIB_COMPATIBILITY_VERSION = 1;
				DYLIB_CURRENT_VERSION = 1;
				DYLIB_INSTALL_NAME_BASE = "@rpath";
				INFOPLIST_FILE = DJKFlipper/Info.plist;
				INSTALL_PATH = "$(LOCAL_LIBRARY_DIR)/Frameworks";
				IPHONEOS_DEPLOYMENT_TARGET = 8.0;
				LD_RUNPATH_SEARCH_PATHS = "$(inherited) @executable_path/Frameworks @loader_path/Frameworks";
				PRODUCT_NAME = "$(TARGET_NAME)";
				SKIP_INSTALL = YES;
			};
			name = Release;
		};
		D6A5773F1B57505200FD275A /* Debug */ = {
			isa = XCBuildConfiguration;
			buildSettings = {
				FRAMEWORK_SEARCH_PATHS = (
					"$(SDKROOT)/Developer/Library/Frameworks",
					"$(inherited)",
				);
				GCC_PREPROCESSOR_DEFINITIONS = (
					"DEBUG=1",
					"$(inherited)",
				);
				INFOPLIST_FILE = DJKFlipperTests/Info.plist;
				LD_RUNPATH_SEARCH_PATHS = "$(inherited) @executable_path/Frameworks @loader_path/Frameworks";
				PRODUCT_NAME = "$(TARGET_NAME)";
			};
			name = Debug;
		};
		D6A577401B57505200FD275A /* Release */ = {
			isa = XCBuildConfiguration;
			buildSettings = {
				FRAMEWORK_SEARCH_PATHS = (
					"$(SDKROOT)/Developer/Library/Frameworks",
					"$(inherited)",
				);
				INFOPLIST_FILE = DJKFlipperTests/Info.plist;
				LD_RUNPATH_SEARCH_PATHS = "$(inherited) @executable_path/Frameworks @loader_path/Frameworks";
				PRODUCT_NAME = "$(TARGET_NAME)";
			};
			name = Release;
		};
/* End XCBuildConfiguration section */

/* Begin XCConfigurationList section */
		D6A5771F1B57505200FD275A /* Build configuration list for PBXProject "DJKFlipper" */ = {
			isa = XCConfigurationList;
			buildConfigurations = (
				D6A577391B57505200FD275A /* Debug */,
				D6A5773A1B57505200FD275A /* Release */,
			);
			defaultConfigurationIsVisible = 0;
			defaultConfigurationName = Release;
		};
		D6A5773B1B57505200FD275A /* Build configuration list for PBXNativeTarget "DJKFlipper" */ = {
			isa = XCConfigurationList;
			buildConfigurations = (
				D6A5773C1B57505200FD275A /* Debug */,
				D6A5773D1B57505200FD275A /* Release */,
			);
			defaultConfigurationIsVisible = 0;
			defaultConfigurationName = Release;
		};
		D6A5773E1B57505200FD275A /* Build configuration list for PBXNativeTarget "DJKFlipperTests" */ = {
			isa = XCConfigurationList;
			buildConfigurations = (
				D6A5773F1B57505200FD275A /* Debug */,
				D6A577401B57505200FD275A /* Release */,
			);
			defaultConfigurationIsVisible = 0;
			defaultConfigurationName = Release;
		};
/* End XCConfigurationList section */
	};
	rootObject = D6A5771C1B57505200FD275A /* Project object */;
}
