// !$*UTF8*$!
{
	archiveVersion = 1;
	classes = {
	};
	objectVersion = 46;
	objects = {

/* Begin PBXBuildFile section */
		D62ECBC81B598D4F00A1A39A /* AppDelegate.swift in Sources */ = {isa = PBXBuildFile; fileRef = D62ECBC71B598D4F00A1A39A /* AppDelegate.swift */; };
		D62ECBCA1B598D4F00A1A39A /* ViewController.swift in Sources */ = {isa = PBXBuildFile; fileRef = D62ECBC91B598D4F00A1A39A /* ViewController.swift */; };
		D62ECBCD1B598D4F00A1A39A /* Main.storyboard in Resources */ = {isa = PBXBuildFile; fileRef = D62ECBCB1B598D4F00A1A39A /* Main.storyboard */; };
		D62ECBD21B598D4F00A1A39A /* LaunchScreen.xib in Resources */ = {isa = PBXBuildFile; fileRef = D62ECBD01B598D4F00A1A39A /* LaunchScreen.xib */; };
		D62ECBDE1B598D4F00A1A39A /* DJKFlipperExampleTests.swift in Sources */ = {isa = PBXBuildFile; fileRef = D62ECBDD1B598D4F00A1A39A /* DJKFlipperExampleTests.swift */; };
		D62ECBF51B5990AD00A1A39A /* PageTestViewController.swift in Sources */ = {isa = PBXBuildFile; fileRef = D62ECBF31B5990AD00A1A39A /* PageTestViewController.swift */; };
		D62ECBF61B5990AD00A1A39A /* PageTestViewController.xib in Resources */ = {isa = PBXBuildFile; fileRef = D62ECBF41B5990AD00A1A39A /* PageTestViewController.xib */; };
		D62ECBF71B5991D300A1A39A /* DJKFlipper.framework in Frameworks */ = {isa = PBXBuildFile; fileRef = D62ECBED1B598DDB00A1A39A /* DJKFlipper.framework */; };
		D62ECBF91B5991E600A1A39A /* DJKFlipper.framework in CopyFiles */ = {isa = PBXBuildFile; fileRef = D62ECBED1B598DDB00A1A39A /* DJKFlipper.framework */; settings = {ATTRIBUTES = (CodeSignOnCopy, RemoveHeadersOnCopy, ); }; };
		D62ECBFB1B59922000A1A39A /* Images.xcassets in Resources */ = {isa = PBXBuildFile; fileRef = D62ECBFA1B59922000A1A39A /* Images.xcassets */; };
/* End PBXBuildFile section */

/* Begin PBXContainerItemProxy section */
		D62ECBD81B598D4F00A1A39A /* PBXContainerItemProxy */ = {
			isa = PBXContainerItemProxy;
			containerPortal = D62ECBBA1B598D4F00A1A39A /* Project object */;
			proxyType = 1;
			remoteGlobalIDString = D62ECBC11B598D4F00A1A39A;
			remoteInfo = DJKFlipperExample;
		};
		D62ECBEC1B598DDB00A1A39A /* PBXContainerItemProxy */ = {
			isa = PBXContainerItemProxy;
			containerPortal = D62ECBE71B598DDB00A1A39A /* DJKFlipper.xcodeproj */;
			proxyType = 2;
			remoteGlobalIDString = D62ECB911B59892C00A1A39A;
			remoteInfo = DJKFlipper;
		};
		D62ECBEE1B598DDB00A1A39A /* PBXContainerItemProxy */ = {
			isa = PBXContainerItemProxy;
			containerPortal = D62ECBE71B598DDB00A1A39A /* DJKFlipper.xcodeproj */;
			proxyType = 2;
			remoteGlobalIDString = D62ECB9C1B59892C00A1A39A;
			remoteInfo = DJKFlipperTests;
		};
/* End PBXContainerItemProxy section */

/* Begin PBXCopyFilesBuildPhase section */
		D62ECBF81B5991D900A1A39A /* CopyFiles */ = {
			isa = PBXCopyFilesBuildPhase;
			buildActionMask = 2147483647;
			dstPath = "";
			dstSubfolderSpec = 10;
			files = (
				D62ECBF91B5991E600A1A39A /* DJKFlipper.framework in CopyFiles */,
			);
			runOnlyForDeploymentPostprocessing = 0;
		};
/* End PBXCopyFilesBuildPhase section */

/* Begin PBXFileReference section */
		D62ECBC21B598D4F00A1A39A /* DJKFlipperExample.app */ = {isa = PBXFileReference; explicitFileType = wrapper.application; includeInIndex = 0; path = DJKFlipperExample.app; sourceTree = BUILT_PRODUCTS_DIR; };
		D62ECBC61B598D4F00A1A39A /* Info.plist */ = {isa = PBXFileReference; lastKnownFileType = text.plist.xml; path = Info.plist; sourceTree = "<group>"; };
		D62ECBC71B598D4F00A1A39A /* AppDelegate.swift */ = {isa = PBXFileReference; lastKnownFileType = sourcecode.swift; path = AppDelegate.swift; sourceTree = "<group>"; };
		D62ECBC91B598D4F00A1A39A /* ViewController.swift */ = {isa = PBXFileReference; lastKnownFileType = sourcecode.swift; path = ViewController.swift; sourceTree = "<group>"; };
		D62ECBCC1B598D4F00A1A39A /* Base */ = {isa = PBXFileReference; lastKnownFileType = file.storyboard; name = Base; path = Base.lproj/Main.storyboard; sourceTree = "<group>"; };
		D62ECBD11B598D4F00A1A39A /* Base */ = {isa = PBXFileReference; lastKnownFileType = file.xib; name = Base; path = Base.lproj/LaunchScreen.xib; sourceTree = "<group>"; };
		D62ECBD71B598D4F00A1A39A /* DJKFlipperExampleTests.xctest */ = {isa = PBXFileReference; explicitFileType = wrapper.cfbundle; includeInIndex = 0; path = DJKFlipperExampleTests.xctest; sourceTree = BUILT_PRODUCTS_DIR; };
		D62ECBDC1B598D4F00A1A39A /* Info.plist */ = {isa = PBXFileReference; lastKnownFileType = text.plist.xml; path = Info.plist; sourceTree = "<group>"; };
		D62ECBDD1B598D4F00A1A39A /* DJKFlipperExampleTests.swift */ = {isa = PBXFileReference; lastKnownFileType = sourcecode.swift; path = DJKFlipperExampleTests.swift; sourceTree = "<group>"; };
		D62ECBE71B598DDB00A1A39A /* DJKFlipper.xcodeproj */ = {isa = PBXFileReference; lastKnownFileType = "wrapper.pb-project"; name = DJKFlipper.xcodeproj; path = ../DJKFlipper.xcodeproj; sourceTree = "<group>"; };
		D62ECBF31B5990AD00A1A39A /* PageTestViewController.swift */ = {isa = PBXFileReference; fileEncoding = 4; lastKnownFileType = sourcecode.swift; path = PageTestViewController.swift; sourceTree = "<group>"; };
		D62ECBF41B5990AD00A1A39A /* PageTestViewController.xib */ = {isa = PBXFileReference; fileEncoding = 4; lastKnownFileType = file.xib; path = PageTestViewController.xib; sourceTree = "<group>"; };
		D62ECBFA1B59922000A1A39A /* Images.xcassets */ = {isa = PBXFileReference; lastKnownFileType = folder.assetcatalog; path = Images.xcassets; sourceTree = "<group>"; };
/* End PBXFileReference section */

/* Begin PBXFrameworksBuildPhase section */
		D62ECBBF1B598D4F00A1A39A /* Frameworks */ = {
			isa = PBXFrameworksBuildPhase;
			buildActionMask = 2147483647;
			files = (
				D62ECBF71B5991D300A1A39A /* DJKFlipper.framework in Frameworks */,
			);
			runOnlyForDeploymentPostprocessing = 0;
		};
		D62ECBD41B598D4F00A1A39A /* Frameworks */ = {
			isa = PBXFrameworksBuildPhase;
			buildActionMask = 2147483647;
			files = (
			);
			runOnlyForDeploymentPostprocessing = 0;
		};
/* End PBXFrameworksBuildPhase section */

/* Begin PBXGroup section */
		D62ECBB91B598D4F00A1A39A = {
			isa = PBXGroup;
			children = (
				D62ECBE71B598DDB00A1A39A /* DJKFlipper.xcodeproj */,
				D62ECBC41B598D4F00A1A39A /* DJKFlipperExample */,
				D62ECBDA1B598D4F00A1A39A /* DJKFlipperExampleTests */,
				D62ECBC31B598D4F00A1A39A /* Products */,
			);
			sourceTree = "<group>";
		};
		D62ECBC31B598D4F00A1A39A /* Products */ = {
			isa = PBXGroup;
			children = (
				D62ECBC21B598D4F00A1A39A /* DJKFlipperExample.app */,
				D62ECBD71B598D4F00A1A39A /* DJKFlipperExampleTests.xctest */,
			);
			name = Products;
			sourceTree = "<group>";
		};
		D62ECBC41B598D4F00A1A39A /* DJKFlipperExample */ = {
			isa = PBXGroup;
			children = (
				D62ECBC71B598D4F00A1A39A /* AppDelegate.swift */,
				D62ECBC91B598D4F00A1A39A /* ViewController.swift */,
				D62ECBF31B5990AD00A1A39A /* PageTestViewController.swift */,
				D62ECBF41B5990AD00A1A39A /* PageTestViewController.xib */,
				D62ECBCB1B598D4F00A1A39A /* Main.storyboard */,
				D62ECBFA1B59922000A1A39A /* Images.xcassets */,
				D62ECBD01B598D4F00A1A39A /* LaunchScreen.xib */,
				D62ECBC51B598D4F00A1A39A /* Supporting Files */,
			);
			path = DJKFlipperExample;
			sourceTree = "<group>";
		};
		D62ECBC51B598D4F00A1A39A /* Supporting Files */ = {
			isa = PBXGroup;
			children = (
				D62ECBC61B598D4F00A1A39A /* Info.plist */,
			);
			name = "Supporting Files";
			sourceTree = "<group>";
		};
		D62ECBDA1B598D4F00A1A39A /* DJKFlipperExampleTests */ = {
			isa = PBXGroup;
			children = (
				D62ECBDD1B598D4F00A1A39A /* DJKFlipperExampleTests.swift */,
				D62ECBDB1B598D4F00A1A39A /* Supporting Files */,
			);
			path = DJKFlipperExampleTests;
			sourceTree = "<group>";
		};
		D62ECBDB1B598D4F00A1A39A /* Supporting Files */ = {
			isa = PBXGroup;
			children = (
				D62ECBDC1B598D4F00A1A39A /* Info.plist */,
			);
			name = "Supporting Files";
			sourceTree = "<group>";
		};
		D62ECBE81B598DDB00A1A39A /* Products */ = {
			isa = PBXGroup;
			children = (
				D62ECBED1B598DDB00A1A39A /* DJKFlipper.framework */,
				D62ECBEF1B598DDB00A1A39A /* DJKFlipperTests.xctest */,
			);
			name = Products;
			sourceTree = "<group>";
		};
/* End PBXGroup section */

/* Begin PBXNativeTarget section */
		D62ECBC11B598D4F00A1A39A /* DJKFlipperExample */ = {
			isa = PBXNativeTarget;
			buildConfigurationList = D62ECBE11B598D4F00A1A39A /* Build configuration list for PBXNativeTarget "DJKFlipperExample" */;
			buildPhases = (
				D62ECBBE1B598D4F00A1A39A /* Sources */,
				D62ECBBF1B598D4F00A1A39A /* Frameworks */,
				D62ECBC01B598D4F00A1A39A /* Resources */,
				D62ECBF81B5991D900A1A39A /* CopyFiles */,
			);
			buildRules = (
			);
			dependencies = (
			);
			name = DJKFlipperExample;
			productName = DJKFlipperExample;
			productReference = D62ECBC21B598D4F00A1A39A /* DJKFlipperExample.app */;
			productType = "com.apple.product-type.application";
		};
		D62ECBD61B598D4F00A1A39A /* DJKFlipperExampleTests */ = {
			isa = PBXNativeTarget;
			buildConfigurationList = D62ECBE41B598D4F00A1A39A /* Build configuration list for PBXNativeTarget "DJKFlipperExampleTests" */;
			buildPhases = (
				D62ECBD31B598D4F00A1A39A /* Sources */,
				D62ECBD41B598D4F00A1A39A /* Frameworks */,
				D62ECBD51B598D4F00A1A39A /* Resources */,
			);
			buildRules = (
			);
			dependencies = (
				D62ECBD91B598D4F00A1A39A /* PBXTargetDependency */,
			);
			name = DJKFlipperExampleTests;
			productName = DJKFlipperExampleTests;
			productReference = D62ECBD71B598D4F00A1A39A /* DJKFlipperExampleTests.xctest */;
			productType = "com.apple.product-type.bundle.unit-test";
		};
/* End PBXNativeTarget section */

/* Begin PBXProject section */
		D62ECBBA1B598D4F00A1A39A /* Project object */ = {
			isa = PBXProject;
			attributes = {
				LastUpgradeCheck = 0900;
				ORGANIZATIONNAME = "Koza, Daniel";
				TargetAttributes = {
					D62ECBC11B598D4F00A1A39A = {
						CreatedOnToolsVersion = 6.4;
						DevelopmentTeam = 6QCBR94VEX;
						LastSwiftMigration = 0900;
						ProvisioningStyle = Automatic;
					};
					D62ECBD61B598D4F00A1A39A = {
						CreatedOnToolsVersion = 6.4;
						LastSwiftMigration = 0900;
						TestTargetID = D62ECBC11B598D4F00A1A39A;
					};
				};
			};
			buildConfigurationList = D62ECBBD1B598D4F00A1A39A /* Build configuration list for PBXProject "DJKFlipperExample" */;
			compatibilityVersion = "Xcode 3.2";
			developmentRegion = English;
			hasScannedForEncodings = 0;
			knownRegions = (
				en,
				Base,
			);
			mainGroup = D62ECBB91B598D4F00A1A39A;
			productRefGroup = D62ECBC31B598D4F00A1A39A /* Products */;
			projectDirPath = "";
			projectReferences = (
				{
					ProductGroup = D62ECBE81B598DDB00A1A39A /* Products */;
					ProjectRef = D62ECBE71B598DDB00A1A39A /* DJKFlipper.xcodeproj */;
				},
			);
			projectRoot = "";
			targets = (
				D62ECBC11B598D4F00A1A39A /* DJKFlipperExample */,
				D62ECBD61B598D4F00A1A39A /* DJKFlipperExampleTests */,
			);
		};
/* End PBXProject section */

/* Begin PBXReferenceProxy section */
		D62ECBED1B598DDB00A1A39A /* DJKFlipper.framework */ = {
			isa = PBXReferenceProxy;
			fileType = wrapper.framework;
			path = DJKFlipper.framework;
			remoteRef = D62ECBEC1B598DDB00A1A39A /* PBXContainerItemProxy */;
			sourceTree = BUILT_PRODUCTS_DIR;
		};
		D62ECBEF1B598DDB00A1A39A /* DJKFlipperTests.xctest */ = {
			isa = PBXReferenceProxy;
			fileType = wrapper.cfbundle;
			path = DJKFlipperTests.xctest;
			remoteRef = D62ECBEE1B598DDB00A1A39A /* PBXContainerItemProxy */;
			sourceTree = BUILT_PRODUCTS_DIR;
		};
/* End PBXReferenceProxy section */

/* Begin PBXResourcesBuildPhase section */
		D62ECBC01B598D4F00A1A39A /* Resources */ = {
			isa = PBXResourcesBuildPhase;
			buildActionMask = 2147483647;
			files = (
				D62ECBCD1B598D4F00A1A39A /* Main.storyboard in Resources */,
				D62ECBFB1B59922000A1A39A /* Images.xcassets in Resources */,
				D62ECBD21B598D4F00A1A39A /* LaunchScreen.xib in Resources */,
				D62ECBF61B5990AD00A1A39A /* PageTestViewController.xib in Resources */,
			);
			runOnlyForDeploymentPostprocessing = 0;
		};
		D62ECBD51B598D4F00A1A39A /* Resources */ = {
			isa = PBXResourcesBuildPhase;
			buildActionMask = 2147483647;
			files = (
			);
			runOnlyForDeploymentPostprocessing = 0;
		};
/* End PBXResourcesBuildPhase section */

/* Begin PBXSourcesBuildPhase section */
		D62ECBBE1B598D4F00A1A39A /* Sources */ = {
			isa = PBXSourcesBuildPhase;
			buildActionMask = 2147483647;
			files = (
				D62ECBCA1B598D4F00A1A39A /* ViewController.swift in Sources */,
				D62ECBF51B5990AD00A1A39A /* PageTestViewController.swift in Sources */,
				D62ECBC81B598D4F00A1A39A /* AppDelegate.swift in Sources */,
			);
			runOnlyForDeploymentPostprocessing = 0;
		};
		D62ECBD31B598D4F00A1A39A /* Sources */ = {
			isa = PBXSourcesBuildPhase;
			buildActionMask = 2147483647;
			files = (
				D62ECBDE1B598D4F00A1A39A /* DJKFlipperExampleTests.swift in Sources */,
			);
			runOnlyForDeploymentPostprocessing = 0;
		};
/* End PBXSourcesBuildPhase section */

/* Begin PBXTargetDependency section */
		D62ECBD91B598D4F00A1A39A /* PBXTargetDependency */ = {
			isa = PBXTargetDependency;
			target = D62ECBC11B598D4F00A1A39A /* DJKFlipperExample */;
			targetProxy = D62ECBD81B598D4F00A1A39A /* PBXContainerItemProxy */;
		};
/* End PBXTargetDependency section */

/* Begin PBXVariantGroup section */
		D62ECBCB1B598D4F00A1A39A /* Main.storyboard */ = {
			isa = PBXVariantGroup;
			children = (
				D62ECBCC1B598D4F00A1A39A /* Base */,
			);
			name = Main.storyboard;
			sourceTree = "<group>";
		};
		D62ECBD01B598D4F00A1A39A /* LaunchScreen.xib */ = {
			isa = PBXVariantGroup;
			children = (
				D62ECBD11B598D4F00A1A39A /* Base */,
			);
			name = LaunchScreen.xib;
			sourceTree = "<group>";
		};
/* End PBXVariantGroup section */

/* Begin XCBuildConfiguration section */
		D62ECBDF1B598D4F00A1A39A /* Debug */ = {
			isa = XCBuildConfiguration;
			buildSettings = {
				ALWAYS_SEARCH_USER_PATHS = NO;
				CLANG_CXX_LANGUAGE_STANDARD = "gnu++0x";
				CLANG_CXX_LIBRARY = "libc++";
				CLANG_ENABLE_MODULES = YES;
				CLANG_ENABLE_OBJC_ARC = YES;
				CLANG_WARN_BLOCK_CAPTURE_AUTORELEASING = YES;
				CLANG_WARN_BOOL_CONVERSION = YES;
				CLANG_WARN_COMMA = YES;
				CLANG_WARN_CONSTANT_CONVERSION = YES;
				CLANG_WARN_DIRECT_OBJC_ISA_USAGE = YES_ERROR;
				CLANG_WARN_EMPTY_BODY = YES;
				CLANG_WARN_ENUM_CONVERSION = YES;
				CLANG_WARN_INFINITE_RECURSION = YES;
				CLANG_WARN_INT_CONVERSION = YES;
				CLANG_WARN_NON_LITERAL_NULL_CONVERSION = YES;
				CLANG_WARN_OBJC_LITERAL_CONVERSION = YES;
				CLANG_WARN_OBJC_ROOT_CLASS = YES_ERROR;
				CLANG_WARN_RANGE_LOOP_ANALYSIS = YES;
				CLANG_WARN_STRICT_PROTOTYPES = YES;
				CLANG_WARN_SUSPICIOUS_MOVE = YES;
				CLANG_WARN_UNREACHABLE_CODE = YES;
				CLANG_WARN__DUPLICATE_METHOD_MATCH = YES;
				"CODE_SIGN_IDENTITY[sdk=iphoneos*]" = "iPhone Developer";
				COPY_PHASE_STRIP = NO;
				DEBUG_INFORMATION_FORMAT = "dwarf-with-dsym";
				ENABLE_STRICT_OBJC_MSGSEND = YES;
				ENABLE_TESTABILITY = YES;
				GCC_C_LANGUAGE_STANDARD = gnu99;
				GCC_DYNAMIC_NO_PIC = NO;
				GCC_NO_COMMON_BLOCKS = YES;
				GCC_OPTIMIZATION_LEVEL = 0;
				GCC_PREPROCESSOR_DEFINITIONS = (
					"DEBUG=1",
					"$(inherited)",
				);
				GCC_SYMBOLS_PRIVATE_EXTERN = NO;
				GCC_WARN_64_TO_32_BIT_CONVERSION = YES;
				GCC_WARN_ABOUT_RETURN_TYPE = YES_ERROR;
				GCC_WARN_UNDECLARED_SELECTOR = YES;
				GCC_WARN_UNINITIALIZED_AUTOS = YES_AGGRESSIVE;
				GCC_WARN_UNUSED_FUNCTION = YES;
				GCC_WARN_UNUSED_VARIABLE = YES;
				IPHONEOS_DEPLOYMENT_TARGET = 8.4;
				MTL_ENABLE_DEBUG_INFO = YES;
				ONLY_ACTIVE_ARCH = YES;
				SDKROOT = iphoneos;
				SWIFT_OPTIMIZATION_LEVEL = "-Onone";
				TARGETED_DEVICE_FAMILY = "1,2";
			};
			name = Debug;
		};
		D62ECBE01B598D4F00A1A39A /* Release */ = {
			isa = XCBuildConfiguration;
			buildSettings = {
				ALWAYS_SEARCH_USER_PATHS = NO;
				CLANG_CXX_LANGUAGE_STANDARD = "gnu++0x";
				CLANG_CXX_LIBRARY = "libc++";
				CLANG_ENABLE_MODULES = YES;
				CLANG_ENABLE_OBJC_ARC = YES;
				CLANG_WARN_BLOCK_CAPTURE_AUTORELEASING = YES;
				CLANG_WARN_BOOL_CONVERSION = YES;
				CLANG_WARN_COMMA = YES;
				CLANG_WARN_CONSTANT_CONVERSION = YES;
				CLANG_WARN_DIRECT_OBJC_ISA_USAGE = YES_ERROR;
				CLANG_WARN_EMPTY_BODY = YES;
				CLANG_WARN_ENUM_CONVERSION = YES;
				CLANG_WARN_INFINITE_RECURSION = YES;
				CLANG_WARN_INT_CONVERSION = YES;
				CLANG_WARN_NON_LITERAL_NULL_CONVERSION = YES;
				CLANG_WARN_OBJC_LITERAL_CONVERSION = YES;
				CLANG_WARN_OBJC_ROOT_CLASS = YES_ERROR;
				CLANG_WARN_RANGE_LOOP_ANALYSIS = YES;
				CLANG_WARN_STRICT_PROTOTYPES = YES;
				CLANG_WARN_SUSPICIOUS_MOVE = YES;
				CLANG_WARN_UNREACHABLE_CODE = YES;
				CLANG_WARN__DUPLICATE_METHOD_MATCH = YES;
				"CODE_SIGN_IDENTITY[sdk=iphoneos*]" = "iPhone Developer";
				COPY_PHASE_STRIP = NO;
				DEBUG_INFORMATION_FORMAT = "dwarf-with-dsym";
				ENABLE_NS_ASSERTIONS = NO;
				ENABLE_STRICT_OBJC_MSGSEND = YES;
				GCC_C_LANGUAGE_STANDARD = gnu99;
				GCC_NO_COMMON_BLOCKS = YES;
				GCC_WARN_64_TO_32_BIT_CONVERSION = YES;
				GCC_WARN_ABOUT_RETURN_TYPE = YES_ERROR;
				GCC_WARN_UNDECLARED_SELECTOR = YES;
				GCC_WARN_UNINITIALIZED_AUTOS = YES_AGGRESSIVE;
				GCC_WARN_UNUSED_FUNCTION = YES;
				GCC_WARN_UNUSED_VARIABLE = YES;
				IPHONEOS_DEPLOYMENT_TARGET = 8.4;
				MTL_ENABLE_DEBUG_INFO = NO;
				SDKROOT = iphoneos;
				SWIFT_OPTIMIZATION_LEVEL = "-Owholemodule";
				TARGETED_DEVICE_FAMILY = "1,2";
				VALIDATE_PRODUCT = YES;
			};
			name = Release;
		};
		D62ECBE21B598D4F00A1A39A /* Debug */ = {
			isa = XCBuildConfiguration;
			buildSettings = {
				ALWAYS_EMBED_SWIFT_STANDARD_LIBRARIES = YES;
				ASSETCATALOG_COMPILER_APPICON_NAME = AppIcon;
				"CODE_SIGN_IDENTITY[sdk=iphoneos*]" = "iPhone Developer";
				CODE_SIGN_STYLE = Automatic;
				DEVELOPMENT_TEAM = 6QCBR94VEX;
				INFOPLIST_FILE = DJKFlipperExample/Info.plist;
				IPHONEOS_DEPLOYMENT_TARGET = 8.0;
				LD_RUNPATH_SEARCH_PATHS = "$(inherited) @executable_path/Frameworks";
				PRODUCT_BUNDLE_IDENTIFIER = "com.allstate.$(PRODUCT_NAME:rfc1034identifier)";
				PRODUCT_NAME = "$(TARGET_NAME)";
				PROVISIONING_PROFILE_SPECIFIER = "";
				SWIFT_SWIFT3_OBJC_INFERENCE = Default;
				SWIFT_VERSION = 4.0;
			};
			name = Debug;
		};
		D62ECBE31B598D4F00A1A39A /* Release */ = {
			isa = XCBuildConfiguration;
			buildSettings = {
				ALWAYS_EMBED_SWIFT_STANDARD_LIBRARIES = YES;
				ASSETCATALOG_COMPILER_APPICON_NAME = AppIcon;
				"CODE_SIGN_IDENTITY[sdk=iphoneos*]" = "iPhone Developer";
				CODE_SIGN_STYLE = Automatic;
				DEVELOPMENT_TEAM = 6QCBR94VEX;
				INFOPLIST_FILE = DJKFlipperExample/Info.plist;
				IPHONEOS_DEPLOYMENT_TARGET = 8.0;
				LD_RUNPATH_SEARCH_PATHS = "$(inherited) @executable_path/Frameworks";
				PRODUCT_BUNDLE_IDENTIFIER = "com.allstate.$(PRODUCT_NAME:rfc1034identifier)";
				PRODUCT_NAME = "$(TARGET_NAME)";
				PROVISIONING_PROFILE_SPECIFIER = "";
				SWIFT_SWIFT3_OBJC_INFERENCE = Default;
				SWIFT_VERSION = 4.0;
			};
			name = Release;
		};
		D62ECBE51B598D4F00A1A39A /* Debug */ = {
			isa = XCBuildConfiguration;
			buildSettings = {
				BUNDLE_LOADER = "$(TEST_HOST)";
				FRAMEWORK_SEARCH_PATHS = (
					"$(SDKROOT)/Developer/Library/Frameworks",
					"$(inherited)",
				);
				GCC_PREPROCESSOR_DEFINITIONS = (
					"DEBUG=1",
					"$(inherited)",
				);
				INFOPLIST_FILE = DJKFlipperExampleTests/Info.plist;
				LD_RUNPATH_SEARCH_PATHS = "$(inherited) @executable_path/Frameworks @loader_path/Frameworks";
				PRODUCT_BUNDLE_IDENTIFIER = "com.allstate.$(PRODUCT_NAME:rfc1034identifier)";
				PRODUCT_NAME = "$(TARGET_NAME)";
				SWIFT_SWIFT3_OBJC_INFERENCE = On;
				SWIFT_VERSION = 4.0;
				TEST_HOST = "$(BUILT_PRODUCTS_DIR)/DJKFlipperExample.app/DJKFlipperExample";
			};
			name = Debug;
		};
		D62ECBE61B598D4F00A1A39A /* Release */ = {
			isa = XCBuildConfiguration;
			buildSettings = {
				BUNDLE_LOADER = "$(TEST_HOST)";
				FRAMEWORK_SEARCH_PATHS = (
					"$(SDKROOT)/Developer/Library/Frameworks",
					"$(inherited)",
				);
				INFOPLIST_FILE = DJKFlipperExampleTests/Info.plist;
				LD_RUNPATH_SEARCH_PATHS = "$(inherited) @executable_path/Frameworks @loader_path/Frameworks";
				PRODUCT_BUNDLE_IDENTIFIER = "com.allstate.$(PRODUCT_NAME:rfc1034identifier)";
				PRODUCT_NAME = "$(TARGET_NAME)";
				SWIFT_SWIFT3_OBJC_INFERENCE = On;
				SWIFT_VERSION = 4.0;
				TEST_HOST = "$(BUILT_PRODUCTS_DIR)/DJKFlipperExample.app/DJKFlipperExample";
			};
			name = Release;
		};
/* End XCBuildConfiguration section */

/* Begin XCConfigurationList section */
		D62ECBBD1B598D4F00A1A39A /* Build configuration list for PBXProject "DJKFlipperExample" */ = {
			isa = XCConfigurationList;
			buildConfigurations = (
				D62ECBDF1B598D4F00A1A39A /* Debug */,
				D62ECBE01B598D4F00A1A39A /* Release */,
			);
			defaultConfigurationIsVisible = 0;
			defaultConfigurationName = Release;
		};
		D62ECBE11B598D4F00A1A39A /* Build configuration list for PBXNativeTarget "DJKFlipperExample" */ = {
			isa = XCConfigurationList;
			buildConfigurations = (
				D62ECBE21B598D4F00A1A39A /* Debug */,
				D62ECBE31B598D4F00A1A39A /* Release */,
			);
			defaultConfigurationIsVisible = 0;
			defaultConfigurationName = Release;
		};
		D62ECBE41B598D4F00A1A39A /* Build configuration list for PBXNativeTarget "DJKFlipperExampleTests" */ = {
			isa = XCConfigurationList;
			buildConfigurations = (
				D62ECBE51B598D4F00A1A39A /* Debug */,
				D62ECBE61B598D4F00A1A39A /* Release */,
			);
			defaultConfigurationIsVisible = 0;
			defaultConfigurationName = Release;
		};
/* End XCConfigurationList section */
	};
	rootObject = D62ECBBA1B598D4F00A1A39A /* Project object */;
}
